PODS:
  - FDFullscreenPopGesture (1.1)
  - MJRefresh (3.4.3)

DEPENDENCIES:
  - FDFullscreenPopGesture
  - MJRefresh

SPEC REPOS:
  trunk:
    - FDFullscreenPopGesture
    - MJRefresh

SPEC CHECKSUMS:
  FDFullscreenPopGesture: a8a620179e3d9c40e8e00256dcee1c1a27c6d0f0
  MJRefresh: 53e3e3219f204425ee6d3e62e8733d3295944cd6

PODFILE CHECKSUM: 6dbf48128a39a9578b079921358ecfa2d84240a6

COCOAPODS: 1.9.3
